
Microsoft Visual Studio Solution File, Format Version 11.00
# Visual Studio 2010
Project("{8BC9CEB8-8B4A-11D0-8D11-00A0C91BC942}") = "PMAP", "PMAP\PMAP.vcxproj", "{0E04D283-E9CF-4B50-AB74-887A62600457}"
EndProject
Project("{8BC9CEB8-8B4A-11D0-8D11-00A0C91BC942}") = "PMAP-win", "PMAP-win\PMAP-win.vcxproj", "{3346DB95-2EEB-4496-89B2-F2B9936B075D}"
EndProject
Global
	GlobalSection(SolutionConfigurationPlatforms) = preSolution
		Debug|Win32 = Debug|Win32
		Release|Win32 = Release|Win32
	EndGlobalSection
	GlobalSection(ProjectConfigurationPlatforms) = postSolution
		{0E04D283-E9CF-4B50-AB74-887A62600457}.Debug|Win32.ActiveCfg = Debug|Win32
		{0E04D283-E9CF-4B50-AB74-887A62600457}.Debug|Win32.Build.0 = Debug|Win32
		{0E04D283-E9CF-4B50-AB74-887A62600457}.Release|Win32.ActiveCfg = Release|Win32
		{0E04D283-E9CF-4B50-AB74-887A62600457}.Release|Win32.Build.0 = Release|Win32
		{3346DB95-2EEB-4496-89B2-F2B9936B075D}.Debug|Win32.ActiveCfg = Debug|Win32
		{3346DB95-2EEB-4496-89B2-F2B9936B075D}.Debug|Win32.Build.0 = Debug|Win32
		{3346DB95-2EEB-4496-89B2-F2B9936B075D}.Release|Win32.ActiveCfg = Release|Win32
		{3346DB95-2EEB-4496-89B2-F2B9936B075D}.Release|Win32.Build.0 = Release|Win32
	EndGlobalSection
	GlobalSection(SolutionProperties) = preSolution
		HideSolutionNode = FALSE
	EndGlobalSection
EndGlobal
